
Microsoft Visual Studio Solution File, Format Version 12.00
# Visual Studio 15
VisualStudioVersion = 15.0.27130.2027
MinimumVisualStudioVersion = 10.0.40219.1
Project("{A07B5EB6-E848-4116-A8D0-A826331D98C6}") = "MyServiceFabric", "MyServiceFabric\MyServiceFabric.sfproj", "{DB4AD1C4-ADFF-4C4C-93B1-FDDD4D57A045}"
EndProject
Project("{FAE04EC0-301F-11D3-BF4B-00C04F79EFBC}") = "MyStatefulService", "MyStatefulService\MyStatefulService.csproj", "{61986AE8-4907-4972-86B2-C19B5CCA3B33}"
EndProject
Global
	GlobalSection(SolutionConfigurationPlatforms) = preSolution
		Debug|Any CPU = Debug|Any CPU
		Debug|x64 = Debug|x64
		Release|Any CPU = Release|Any CPU
		Release|x64 = Release|x64
	EndGlobalSection
	GlobalSection(ProjectConfigurationPlatforms) = postSolution
		{DB4AD1C4-ADFF-4C4C-93B1-FDDD4D57A045}.Debug|Any CPU.ActiveCfg = Debug|x64
		{DB4AD1C4-ADFF-4C4C-93B1-FDDD4D57A045}.Debug|x64.ActiveCfg = Debug|x64
		{DB4AD1C4-ADFF-4C4C-93B1-FDDD4D57A045}.Debug|x64.Build.0 = Debug|x64
		{DB4AD1C4-ADFF-4C4C-93B1-FDDD4D57A045}.Debug|x64.Deploy.0 = Debug|x64
		{DB4AD1C4-ADFF-4C4C-93B1-FDDD4D57A045}.Release|Any CPU.ActiveCfg = Release|x64
		{DB4AD1C4-ADFF-4C4C-93B1-FDDD4D57A045}.Release|x64.ActiveCfg = Release|x64
		{DB4AD1C4-ADFF-4C4C-93B1-FDDD4D57A045}.Release|x64.Build.0 = Release|x64
		{DB4AD1C4-ADFF-4C4C-93B1-FDDD4D57A045}.Release|x64.Deploy.0 = Release|x64
		{61986AE8-4907-4972-86B2-C19B5CCA3B33}.Debug|Any CPU.ActiveCfg = Debug|Any CPU
		{61986AE8-4907-4972-86B2-C19B5CCA3B33}.Debug|Any CPU.Build.0 = Debug|Any CPU
		{61986AE8-4907-4972-86B2-C19B5CCA3B33}.Debug|x64.ActiveCfg = Debug|Any CPU
		{61986AE8-4907-4972-86B2-C19B5CCA3B33}.Debug|x64.Build.0 = Debug|Any CPU
		{61986AE8-4907-4972-86B2-C19B5CCA3B33}.Release|Any CPU.ActiveCfg = Release|Any CPU
		{61986AE8-4907-4972-86B2-C19B5CCA3B33}.Release|Any CPU.Build.0 = Release|Any CPU
		{61986AE8-4907-4972-86B2-C19B5CCA3B33}.Release|x64.ActiveCfg = Release|Any CPU
		{61986AE8-4907-4972-86B2-C19B5CCA3B33}.Release|x64.Build.0 = Release|Any CPU
	EndGlobalSection
	GlobalSection(SolutionProperties) = preSolution
		HideSolutionNode = FALSE
	EndGlobalSection
	GlobalSection(ExtensibilityGlobals) = postSolution
		SolutionGuid = {F7AD240D-BB51-4018-A9DF-A975F698B915}
	EndGlobalSection
EndGlobal
